// !$*UTF8*$!
{
	archiveVersion = 1;
	classes = {
	};
	objectVersion = 56;
	objects = {

/* Begin PBXBuildFile section */
		4F692B10393F08C0B6555FB2 /* Pods_Challenge_ChallengeUITests.framework in Frameworks */ = {isa = PBXBuildFile; fileRef = A8F9B8234A08623B2DA55AD4 /* Pods_Challenge_ChallengeUITests.framework */; };
		6A11C880869CF1AB100C7033 /* Pods_ChallengeTests.framework in Frameworks */ = {isa = PBXBuildFile; fileRef = 00E6081F8669A19740D06ED0 /* Pods_ChallengeTests.framework */; };
		C8A9FD3340BC0C51E5D8A092 /* Pods_Challenge.framework in Frameworks */ = {isa = PBXBuildFile; fileRef = 2FD05BAA6E4823DA12C2A6A0 /* Pods_Challenge.framework */; };
		CA30AFC9294C625800EC2FE2 /* DashboardModel.swift in Sources */ = {isa = PBXBuildFile; fileRef = CA30AFC8294C625800EC2FE2 /* DashboardModel.swift */; };
		CA30AFCB294C630800EC2FE2 /* DashboardViewModel.swift in Sources */ = {isa = PBXBuildFile; fileRef = CA30AFCA294C630800EC2FE2 /* DashboardViewModel.swift */; };
		CACFB6CC294B45EF00013C4C /* AppDelegate.swift in Sources */ = {isa = PBXBuildFile; fileRef = CACFB6CB294B45EF00013C4C /* AppDelegate.swift */; };
		CACFB6CE294B45EF00013C4C /* SceneDelegate.swift in Sources */ = {isa = PBXBuildFile; fileRef = CACFB6CD294B45EF00013C4C /* SceneDelegate.swift */; };
		CACFB6D0294B45EF00013C4C /* LoginVC.swift in Sources */ = {isa = PBXBuildFile; fileRef = CACFB6CF294B45EF00013C4C /* LoginVC.swift */; };
		CACFB6D3294B45EF00013C4C /* Main.storyboard in Resources */ = {isa = PBXBuildFile; fileRef = CACFB6D1294B45EF00013C4C /* Main.storyboard */; };
		CACFB6D5294B45F000013C4C /* Assets.xcassets in Resources */ = {isa = PBXBuildFile; fileRef = CACFB6D4294B45F000013C4C /* Assets.xcassets */; };
		CACFB6D8294B45F000013C4C /* LaunchScreen.storyboard in Resources */ = {isa = PBXBuildFile; fileRef = CACFB6D6294B45F000013C4C /* LaunchScreen.storyboard */; };
		CACFB6E3294B45F000013C4C /* ChallengeTests.swift in Sources */ = {isa = PBXBuildFile; fileRef = CACFB6E2294B45F000013C4C /* ChallengeTests.swift */; };
		CACFB6ED294B45F000013C4C /* ChallengeUITests.swift in Sources */ = {isa = PBXBuildFile; fileRef = CACFB6EC294B45F000013C4C /* ChallengeUITests.swift */; };
		CACFB6EF294B45F000013C4C /* ChallengeUITestsLaunchTests.swift in Sources */ = {isa = PBXBuildFile; fileRef = CACFB6EE294B45F000013C4C /* ChallengeUITestsLaunchTests.swift */; };
		CACFB706294B520100013C4C /* RoundedView.swift in Sources */ = {isa = PBXBuildFile; fileRef = CACFB705294B520100013C4C /* RoundedView.swift */; };
		CACFB708294B567100013C4C /* UITextField+EXT.swift in Sources */ = {isa = PBXBuildFile; fileRef = CACFB707294B567100013C4C /* UITextField+EXT.swift */; };
		CACFB70A294B60DE00013C4C /* UIStoryBoard+EXT.swift in Sources */ = {isa = PBXBuildFile; fileRef = CACFB709294B60DE00013C4C /* UIStoryBoard+EXT.swift */; };
		CACFB70C294B638500013C4C /* BaseViewController.swift in Sources */ = {isa = PBXBuildFile; fileRef = CACFB70B294B638500013C4C /* BaseViewController.swift */; };
		CACFB70E294B63C900013C4C /* BaseViewModel.swift in Sources */ = {isa = PBXBuildFile; fileRef = CACFB70D294B63C900013C4C /* BaseViewModel.swift */; };
		CACFB710294B63F000013C4C /* BaseRepository.swift in Sources */ = {isa = PBXBuildFile; fileRef = CACFB70F294B63F000013C4C /* BaseRepository.swift */; };
		CACFB712294B643C00013C4C /* ApiManager.swift in Sources */ = {isa = PBXBuildFile; fileRef = CACFB711294B643C00013C4C /* ApiManager.swift */; };
		CACFB714294B68C400013C4C /* ConsoleLog.swift in Sources */ = {isa = PBXBuildFile; fileRef = CACFB713294B68C400013C4C /* ConsoleLog.swift */; };
		CACFB716294B691000013C4C /* URLConstants.swift in Sources */ = {isa = PBXBuildFile; fileRef = CACFB715294B691000013C4C /* URLConstants.swift */; };
		CACFB718294B697D00013C4C /* DependencyInjector.swift in Sources */ = {isa = PBXBuildFile; fileRef = CACFB717294B697D00013C4C /* DependencyInjector.swift */; };
		CACFB71A294B6A0D00013C4C /* PreferenceManager.swift in Sources */ = {isa = PBXBuildFile; fileRef = CACFB719294B6A0D00013C4C /* PreferenceManager.swift */; };
		CACFB71C294B6E4800013C4C /* LoginRepository.swift in Sources */ = {isa = PBXBuildFile; fileRef = CACFB71B294B6E4800013C4C /* LoginRepository.swift */; };
		CACFB71E294B6E6E00013C4C /* LoginViewModel.swift in Sources */ = {isa = PBXBuildFile; fileRef = CACFB71D294B6E6E00013C4C /* LoginViewModel.swift */; };
		CACFB720294B7A1300013C4C /* UIString+EXT.swift in Sources */ = {isa = PBXBuildFile; fileRef = CACFB71F294B7A1300013C4C /* UIString+EXT.swift */; };
		CAE61899294B817B006F08B6 /* countries.json in Resources */ = {isa = PBXBuildFile; fileRef = CAE61898294B817B006F08B6 /* countries.json */; };
		CAE6189B294B81E1006F08B6 /* CountriesModel.swift in Sources */ = {isa = PBXBuildFile; fileRef = CAE6189A294B81E1006F08B6 /* CountriesModel.swift */; };
		CAE6189E294B872A006F08B6 /* SelectCountriesVC.swift in Sources */ = {isa = PBXBuildFile; fileRef = CAE6189D294B872A006F08B6 /* SelectCountriesVC.swift */; };
		CAE618A1294B89E9006F08B6 /* CountryCell.swift in Sources */ = {isa = PBXBuildFile; fileRef = CAE618A0294B89E9006F08B6 /* CountryCell.swift */; };
		CAE618A3294B9C1E006F08B6 /* TransitionSubmitButton.swift in Sources */ = {isa = PBXBuildFile; fileRef = CAE618A2294B9C1E006F08B6 /* TransitionSubmitButton.swift */; };
		CAE618A6294B9C55006F08B6 /* SpinerLayer.swift in Sources */ = {isa = PBXBuildFile; fileRef = CAE618A5294B9C55006F08B6 /* SpinerLayer.swift */; };
		CAE618A8294B9C7B006F08B6 /* CGRect+EXT.swift in Sources */ = {isa = PBXBuildFile; fileRef = CAE618A7294B9C7B006F08B6 /* CGRect+EXT.swift */; };
		CAE618AA294B9C9C006F08B6 /* Timer.swift in Sources */ = {isa = PBXBuildFile; fileRef = CAE618A9294B9C9C006F08B6 /* Timer.swift */; };
		CAE618AC294B9CBE006F08B6 /* FadeTransition.swift in Sources */ = {isa = PBXBuildFile; fileRef = CAE618AB294B9CBE006F08B6 /* FadeTransition.swift */; };
		CAE618AF294BA213006F08B6 /* DashboardVC.swift in Sources */ = {isa = PBXBuildFile; fileRef = CAE618AE294BA213006F08B6 /* DashboardVC.swift */; };
		CAE618B1294BA230006F08B6 /* Dashboard.storyboard in Resources */ = {isa = PBXBuildFile; fileRef = CAE618B0294BA230006F08B6 /* Dashboard.storyboard */; };
/* End PBXBuildFile section */

/* Begin PBXContainerItemProxy section */
		CACFB6DF294B45F000013C4C /* PBXContainerItemProxy */ = {
			isa = PBXContainerItemProxy;
			containerPortal = CACFB6C0294B45EF00013C4C /* Project object */;
			proxyType = 1;
			remoteGlobalIDString = CACFB6C7294B45EF00013C4C;
			remoteInfo = Challenge;
		};
		CACFB6E9294B45F000013C4C /* PBXContainerItemProxy */ = {
			isa = PBXContainerItemProxy;
			containerPortal = CACFB6C0294B45EF00013C4C /* Project object */;
			proxyType = 1;
			remoteGlobalIDString = CACFB6C7294B45EF00013C4C;
			remoteInfo = Challenge;
		};
/* End PBXContainerItemProxy section */

/* Begin PBXFileReference section */
		00E6081F8669A19740D06ED0 /* Pods_ChallengeTests.framework */ = {isa = PBXFileReference; explicitFileType = wrapper.framework; includeInIndex = 0; path = Pods_ChallengeTests.framework; sourceTree = BUILT_PRODUCTS_DIR; };
		0A0783B1DD4806D15F6F629D /* Pods-Challenge-ChallengeUITests.debug.xcconfig */ = {isa = PBXFileReference; includeInIndex = 1; lastKnownFileType = text.xcconfig; name = "Pods-Challenge-ChallengeUITests.debug.xcconfig"; path = "Target Support Files/Pods-Challenge-ChallengeUITests/Pods-Challenge-ChallengeUITests.debug.xcconfig"; sourceTree = "<group>"; };
		0F22ADF28C4561F1D6448D45 /* Pods-Challenge-ChallengeUITests.release.xcconfig */ = {isa = PBXFileReference; includeInIndex = 1; lastKnownFileType = text.xcconfig; name = "Pods-Challenge-ChallengeUITests.release.xcconfig"; path = "Target Support Files/Pods-Challenge-ChallengeUITests/Pods-Challenge-ChallengeUITests.release.xcconfig"; sourceTree = "<group>"; };
		2FD05BAA6E4823DA12C2A6A0 /* Pods_Challenge.framework */ = {isa = PBXFileReference; explicitFileType = wrapper.framework; includeInIndex = 0; path = Pods_Challenge.framework; sourceTree = BUILT_PRODUCTS_DIR; };
		6274196DA47363F50598D8ED /* Pods-ChallengeTests.release.xcconfig */ = {isa = PBXFileReference; includeInIndex = 1; lastKnownFileType = text.xcconfig; name = "Pods-ChallengeTests.release.xcconfig"; path = "Target Support Files/Pods-ChallengeTests/Pods-ChallengeTests.release.xcconfig"; sourceTree = "<group>"; };
		9A89FC87E7F2EEA01435D85A /* Pods-Challenge.debug.xcconfig */ = {isa = PBXFileReference; includeInIndex = 1; lastKnownFileType = text.xcconfig; name = "Pods-Challenge.debug.xcconfig"; path = "Target Support Files/Pods-Challenge/Pods-Challenge.debug.xcconfig"; sourceTree = "<group>"; };
		9D053E9D00F88A8615A5FD86 /* Pods-Challenge.release.xcconfig */ = {isa = PBXFileReference; includeInIndex = 1; lastKnownFileType = text.xcconfig; name = "Pods-Challenge.release.xcconfig"; path = "Target Support Files/Pods-Challenge/Pods-Challenge.release.xcconfig"; sourceTree = "<group>"; };
		A8F9B8234A08623B2DA55AD4 /* Pods_Challenge_ChallengeUITests.framework */ = {isa = PBXFileReference; explicitFileType = wrapper.framework; includeInIndex = 0; path = Pods_Challenge_ChallengeUITests.framework; sourceTree = BUILT_PRODUCTS_DIR; };
		CA30AFC8294C625800EC2FE2 /* DashboardModel.swift */ = {isa = PBXFileReference; lastKnownFileType = sourcecode.swift; path = DashboardModel.swift; sourceTree = "<group>"; };
		CA30AFCA294C630800EC2FE2 /* DashboardViewModel.swift */ = {isa = PBXFileReference; lastKnownFileType = sourcecode.swift; path = DashboardViewModel.swift; sourceTree = "<group>"; };
		CACFB6C8294B45EF00013C4C /* Challenge.app */ = {isa = PBXFileReference; explicitFileType = wrapper.application; includeInIndex = 0; path = Challenge.app; sourceTree = BUILT_PRODUCTS_DIR; };
		CACFB6CB294B45EF00013C4C /* AppDelegate.swift */ = {isa = PBXFileReference; lastKnownFileType = sourcecode.swift; path = AppDelegate.swift; sourceTree = "<group>"; };
		CACFB6CD294B45EF00013C4C /* SceneDelegate.swift */ = {isa = PBXFileReference; lastKnownFileType = sourcecode.swift; path = SceneDelegate.swift; sourceTree = "<group>"; };
		CACFB6CF294B45EF00013C4C /* LoginVC.swift */ = {isa = PBXFileReference; lastKnownFileType = sourcecode.swift; path = LoginVC.swift; sourceTree = "<group>"; };
		CACFB6D2294B45EF00013C4C /* Base */ = {isa = PBXFileReference; lastKnownFileType = file.storyboard; name = Base; path = Base.lproj/Main.storyboard; sourceTree = "<group>"; };
		CACFB6D4294B45F000013C4C /* Assets.xcassets */ = {isa = PBXFileReference; lastKnownFileType = folder.assetcatalog; path = Assets.xcassets; sourceTree = "<group>"; };
		CACFB6D7294B45F000013C4C /* Base */ = {isa = PBXFileReference; lastKnownFileType = file.storyboard; name = Base; path = Base.lproj/LaunchScreen.storyboard; sourceTree = "<group>"; };
		CACFB6D9294B45F000013C4C /* Info.plist */ = {isa = PBXFileReference; lastKnownFileType = text.plist.xml; path = Info.plist; sourceTree = "<group>"; };
		CACFB6DE294B45F000013C4C /* ChallengeTests.xctest */ = {isa = PBXFileReference; explicitFileType = wrapper.cfbundle; includeInIndex = 0; path = ChallengeTests.xctest; sourceTree = BUILT_PRODUCTS_DIR; };
		CACFB6E2294B45F000013C4C /* ChallengeTests.swift */ = {isa = PBXFileReference; lastKnownFileType = sourcecode.swift; path = ChallengeTests.swift; sourceTree = "<group>"; };
		CACFB6E8294B45F000013C4C /* ChallengeUITests.xctest */ = {isa = PBXFileReference; explicitFileType = wrapper.cfbundle; includeInIndex = 0; path = ChallengeUITests.xctest; sourceTree = BUILT_PRODUCTS_DIR; };
		CACFB6EC294B45F000013C4C /* ChallengeUITests.swift */ = {isa = PBXFileReference; lastKnownFileType = sourcecode.swift; path = ChallengeUITests.swift; sourceTree = "<group>"; };
		CACFB6EE294B45F000013C4C /* ChallengeUITestsLaunchTests.swift */ = {isa = PBXFileReference; lastKnownFileType = sourcecode.swift; path = ChallengeUITestsLaunchTests.swift; sourceTree = "<group>"; };
		CACFB705294B520100013C4C /* RoundedView.swift */ = {isa = PBXFileReference; lastKnownFileType = sourcecode.swift; path = RoundedView.swift; sourceTree = "<group>"; };
		CACFB707294B567100013C4C /* UITextField+EXT.swift */ = {isa = PBXFileReference; lastKnownFileType = sourcecode.swift; path = "UITextField+EXT.swift"; sourceTree = "<group>"; };
		CACFB709294B60DE00013C4C /* UIStoryBoard+EXT.swift */ = {isa = PBXFileReference; lastKnownFileType = sourcecode.swift; path = "UIStoryBoard+EXT.swift"; sourceTree = "<group>"; };
		CACFB70B294B638500013C4C /* BaseViewController.swift */ = {isa = PBXFileReference; lastKnownFileType = sourcecode.swift; path = BaseViewController.swift; sourceTree = "<group>"; };
		CACFB70D294B63C900013C4C /* BaseViewModel.swift */ = {isa = PBXFileReference; lastKnownFileType = sourcecode.swift; path = BaseViewModel.swift; sourceTree = "<group>"; };
		CACFB70F294B63F000013C4C /* BaseRepository.swift */ = {isa = PBXFileReference; lastKnownFileType = sourcecode.swift; path = BaseRepository.swift; sourceTree = "<group>"; };
		CACFB711294B643C00013C4C /* ApiManager.swift */ = {isa = PBXFileReference; lastKnownFileType = sourcecode.swift; path = ApiManager.swift; sourceTree = "<group>"; };
		CACFB713294B68C400013C4C /* ConsoleLog.swift */ = {isa = PBXFileReference; lastKnownFileType = sourcecode.swift; path = ConsoleLog.swift; sourceTree = "<group>"; };
		CACFB715294B691000013C4C /* URLConstants.swift */ = {isa = PBXFileReference; lastKnownFileType = sourcecode.swift; path = URLConstants.swift; sourceTree = "<group>"; };
		CACFB717294B697D00013C4C /* DependencyInjector.swift */ = {isa = PBXFileReference; lastKnownFileType = sourcecode.swift; path = DependencyInjector.swift; sourceTree = "<group>"; };
		CACFB719294B6A0D00013C4C /* PreferenceManager.swift */ = {isa = PBXFileReference; lastKnownFileType = sourcecode.swift; path = PreferenceManager.swift; sourceTree = "<group>"; };
		CACFB71B294B6E4800013C4C /* LoginRepository.swift */ = {isa = PBXFileReference; lastKnownFileType = sourcecode.swift; path = LoginRepository.swift; sourceTree = "<group>"; };
		CACFB71D294B6E6E00013C4C /* LoginViewModel.swift */ = {isa = PBXFileReference; lastKnownFileType = sourcecode.swift; path = LoginViewModel.swift; sourceTree = "<group>"; };
		CACFB71F294B7A1300013C4C /* UIString+EXT.swift */ = {isa = PBXFileReference; lastKnownFileType = sourcecode.swift; path = "UIString+EXT.swift"; sourceTree = "<group>"; };
		CAE61898294B817B006F08B6 /* countries.json */ = {isa = PBXFileReference; fileEncoding = 4; lastKnownFileType = text.json; path = countries.json; sourceTree = "<group>"; };
		CAE6189A294B81E1006F08B6 /* CountriesModel.swift */ = {isa = PBXFileReference; lastKnownFileType = sourcecode.swift; path = CountriesModel.swift; sourceTree = "<group>"; };
		CAE6189D294B872A006F08B6 /* SelectCountriesVC.swift */ = {isa = PBXFileReference; lastKnownFileType = sourcecode.swift; path = SelectCountriesVC.swift; sourceTree = "<group>"; };
		CAE618A0294B89E9006F08B6 /* CountryCell.swift */ = {isa = PBXFileReference; lastKnownFileType = sourcecode.swift; path = CountryCell.swift; sourceTree = "<group>"; };
		CAE618A2294B9C1E006F08B6 /* TransitionSubmitButton.swift */ = {isa = PBXFileReference; lastKnownFileType = sourcecode.swift; path = TransitionSubmitButton.swift; sourceTree = "<group>"; };
		CAE618A5294B9C55006F08B6 /* SpinerLayer.swift */ = {isa = PBXFileReference; lastKnownFileType = sourcecode.swift; path = SpinerLayer.swift; sourceTree = "<group>"; };
		CAE618A7294B9C7B006F08B6 /* CGRect+EXT.swift */ = {isa = PBXFileReference; lastKnownFileType = sourcecode.swift; path = "CGRect+EXT.swift"; sourceTree = "<group>"; };
		CAE618A9294B9C9C006F08B6 /* Timer.swift */ = {isa = PBXFileReference; lastKnownFileType = sourcecode.swift; path = Timer.swift; sourceTree = "<group>"; };
		CAE618AB294B9CBE006F08B6 /* FadeTransition.swift */ = {isa = PBXFileReference; lastKnownFileType = sourcecode.swift; path = FadeTransition.swift; sourceTree = "<group>"; };
		CAE618AE294BA213006F08B6 /* DashboardVC.swift */ = {isa = PBXFileReference; lastKnownFileType = sourcecode.swift; path = DashboardVC.swift; sourceTree = "<group>"; };
		CAE618B0294BA230006F08B6 /* Dashboard.storyboard */ = {isa = PBXFileReference; lastKnownFileType = file.storyboard; path = Dashboard.storyboard; sourceTree = "<group>"; };
		D8DE12518A08D0EC1D4BFB80 /* Pods-ChallengeTests.debug.xcconfig */ = {isa = PBXFileReference; includeInIndex = 1; lastKnownFileType = text.xcconfig; name = "Pods-ChallengeTests.debug.xcconfig"; path = "Target Support Files/Pods-ChallengeTests/Pods-ChallengeTests.debug.xcconfig"; sourceTree = "<group>"; };
/* End PBXFileReference section */

/* Begin PBXFrameworksBuildPhase section */
		CACFB6C5294B45EF00013C4C /* Frameworks */ = {
			isa = PBXFrameworksBuildPhase;
			buildActionMask = 2147483647;
			files = (
				C8A9FD3340BC0C51E5D8A092 /* Pods_Challenge.framework in Frameworks */,
			);
			runOnlyForDeploymentPostprocessing = 0;
		};
		CACFB6DB294B45F000013C4C /* Frameworks */ = {
			isa = PBXFrameworksBuildPhase;
			buildActionMask = 2147483647;
			files = (
				6A11C880869CF1AB100C7033 /* Pods_ChallengeTests.framework in Frameworks */,
			);
			runOnlyForDeploymentPostprocessing = 0;
		};
		CACFB6E5294B45F000013C4C /* Frameworks */ = {
			isa = PBXFrameworksBuildPhase;
			buildActionMask = 2147483647;
			files = (
				4F692B10393F08C0B6555FB2 /* Pods_Challenge_ChallengeUITests.framework in Frameworks */,
			);
			runOnlyForDeploymentPostprocessing = 0;
		};
/* End PBXFrameworksBuildPhase section */

/* Begin PBXGroup section */
		854563266F3E0D5C7099F059 /* Frameworks */ = {
			isa = PBXGroup;
			children = (
				2FD05BAA6E4823DA12C2A6A0 /* Pods_Challenge.framework */,
				A8F9B8234A08623B2DA55AD4 /* Pods_Challenge_ChallengeUITests.framework */,
				00E6081F8669A19740D06ED0 /* Pods_ChallengeTests.framework */,
			);
			name = Frameworks;
			sourceTree = "<group>";
		};
		BFB975BC632A15FE33944A6B /* Pods */ = {
			isa = PBXGroup;
			children = (
				9A89FC87E7F2EEA01435D85A /* Pods-Challenge.debug.xcconfig */,
				9D053E9D00F88A8615A5FD86 /* Pods-Challenge.release.xcconfig */,
				0A0783B1DD4806D15F6F629D /* Pods-Challenge-ChallengeUITests.debug.xcconfig */,
				0F22ADF28C4561F1D6448D45 /* Pods-Challenge-ChallengeUITests.release.xcconfig */,
				D8DE12518A08D0EC1D4BFB80 /* Pods-ChallengeTests.debug.xcconfig */,
				6274196DA47363F50598D8ED /* Pods-ChallengeTests.release.xcconfig */,
			);
			path = Pods;
			sourceTree = "<group>";
		};
		CACFB6BF294B45EF00013C4C = {
			isa = PBXGroup;
			children = (
				CACFB6CA294B45EF00013C4C /* Challenge */,
				CACFB6E1294B45F000013C4C /* ChallengeTests */,
				CACFB6EB294B45F000013C4C /* ChallengeUITests */,
				CACFB6C9294B45EF00013C4C /* Products */,
				BFB975BC632A15FE33944A6B /* Pods */,
				854563266F3E0D5C7099F059 /* Frameworks */,
			);
			sourceTree = "<group>";
		};
		CACFB6C9294B45EF00013C4C /* Products */ = {
			isa = PBXGroup;
			children = (
				CACFB6C8294B45EF00013C4C /* Challenge.app */,
				CACFB6DE294B45F000013C4C /* ChallengeTests.xctest */,
				CACFB6E8294B45F000013C4C /* ChallengeUITests.xctest */,
			);
			name = Products;
			sourceTree = "<group>";
		};
		CACFB6CA294B45EF00013C4C /* Challenge */ = {
			isa = PBXGroup;
			children = (
				CACFB704294B51EA00013C4C /* Custom Classes */,
				CACFB703294B51E100013C4C /* Extenstion */,
				CACFB701294B483800013C4C /* Base Class */,
				CACFB700294B483300013C4C /* Common */,
				CACFB6FF294B482100013C4C /* ServiceLayer */,
				CACFB6FE294B481C00013C4C /* Models */,
				CACFB6FD294B481600013C4C /* ViewModels */,
				CACFB6FC294B480500013C4C /* ViewControllers */,
				CACFB6FB294B47F400013C4C /* Storyboard */,
				CACFB6CB294B45EF00013C4C /* AppDelegate.swift */,
				CACFB6CD294B45EF00013C4C /* SceneDelegate.swift */,
				CACFB6D4294B45F000013C4C /* Assets.xcassets */,
				CACFB6D9294B45F000013C4C /* Info.plist */,
			);
			path = Challenge;
			sourceTree = "<group>";
		};
		CACFB6E1294B45F000013C4C /* ChallengeTests */ = {
			isa = PBXGroup;
			children = (
				CACFB6E2294B45F000013C4C /* ChallengeTests.swift */,
			);
			path = ChallengeTests;
			sourceTree = "<group>";
		};
		CACFB6EB294B45F000013C4C /* ChallengeUITests */ = {
			isa = PBXGroup;
			children = (
				CACFB6EC294B45F000013C4C /* ChallengeUITests.swift */,
				CACFB6EE294B45F000013C4C /* ChallengeUITestsLaunchTests.swift */,
			);
			path = ChallengeUITests;
			sourceTree = "<group>";
		};
		CACFB6FB294B47F400013C4C /* Storyboard */ = {
			isa = PBXGroup;
			children = (
				CACFB6D1294B45EF00013C4C /* Main.storyboard */,
				CACFB6D6294B45F000013C4C /* LaunchScreen.storyboard */,
				CAE618B0294BA230006F08B6 /* Dashboard.storyboard */,
			);
			path = Storyboard;
			sourceTree = "<group>";
		};
		CACFB6FC294B480500013C4C /* ViewControllers */ = {
			isa = PBXGroup;
			children = (
				CAE618AD294BA1FC006F08B6 /* Dashboard */,
				CAE6189C294B870D006F08B6 /* Login */,
			);
			path = ViewControllers;
			sourceTree = "<group>";
		};
		CACFB6FD294B481600013C4C /* ViewModels */ = {
			isa = PBXGroup;
			children = (
				CACFB71D294B6E6E00013C4C /* LoginViewModel.swift */,
				CA30AFCA294C630800EC2FE2 /* DashboardViewModel.swift */,
			);
			path = ViewModels;
			sourceTree = "<group>";
		};
		CACFB6FE294B481C00013C4C /* Models */ = {
			isa = PBXGroup;
			children = (
				CAE6189A294B81E1006F08B6 /* CountriesModel.swift */,
				CA30AFC8294C625800EC2FE2 /* DashboardModel.swift */,
			);
			path = Models;
			sourceTree = "<group>";
		};
		CACFB6FF294B482100013C4C /* ServiceLayer */ = {
			isa = PBXGroup;
			children = (
				CACFB711294B643C00013C4C /* ApiManager.swift */,
				CACFB717294B697D00013C4C /* DependencyInjector.swift */,
				CACFB71B294B6E4800013C4C /* LoginRepository.swift */,
			);
			path = ServiceLayer;
			sourceTree = "<group>";
		};
		CACFB700294B483300013C4C /* Common */ = {
			isa = PBXGroup;
			children = (
				CAE61898294B817B006F08B6 /* countries.json */,
				CACFB713294B68C400013C4C /* ConsoleLog.swift */,
				CACFB715294B691000013C4C /* URLConstants.swift */,
				CACFB719294B6A0D00013C4C /* PreferenceManager.swift */,
			);
			path = Common;
			sourceTree = "<group>";
		};
		CACFB701294B483800013C4C /* Base Class */ = {
			isa = PBXGroup;
			children = (
				CACFB70B294B638500013C4C /* BaseViewController.swift */,
				CACFB70D294B63C900013C4C /* BaseViewModel.swift */,
				CACFB70F294B63F000013C4C /* BaseRepository.swift */,
			);
			path = "Base Class";
			sourceTree = "<group>";
		};
		CACFB703294B51E100013C4C /* Extenstion */ = {
			isa = PBXGroup;
			children = (
				CACFB707294B567100013C4C /* UITextField+EXT.swift */,
				CACFB709294B60DE00013C4C /* UIStoryBoard+EXT.swift */,
				CACFB71F294B7A1300013C4C /* UIString+EXT.swift */,
				CAE618A7294B9C7B006F08B6 /* CGRect+EXT.swift */,
				CAE618A9294B9C9C006F08B6 /* Timer.swift */,
			);
			path = Extenstion;
			sourceTree = "<group>";
		};
		CACFB704294B51EA00013C4C /* Custom Classes */ = {
			isa = PBXGroup;
			children = (
				CAE618A4294B9C3C006F08B6 /* TransitionBtn */,
				CACFB705294B520100013C4C /* RoundedView.swift */,
			);
			path = "Custom Classes";
			sourceTree = "<group>";
		};
		CAE6189C294B870D006F08B6 /* Login */ = {
			isa = PBXGroup;
			children = (
				CAE6189F294B89D1006F08B6 /* Cell */,
				CACFB6CF294B45EF00013C4C /* LoginVC.swift */,
				CAE6189D294B872A006F08B6 /* SelectCountriesVC.swift */,
			);
			path = Login;
			sourceTree = "<group>";
		};
		CAE6189F294B89D1006F08B6 /* Cell */ = {
			isa = PBXGroup;
			children = (
				CAE618A0294B89E9006F08B6 /* CountryCell.swift */,
			);
			path = Cell;
			sourceTree = "<group>";
		};
		CAE618A4294B9C3C006F08B6 /* TransitionBtn */ = {
			isa = PBXGroup;
			children = (
				CAE618A2294B9C1E006F08B6 /* TransitionSubmitButton.swift */,
				CAE618A5294B9C55006F08B6 /* SpinerLayer.swift */,
				CAE618AB294B9CBE006F08B6 /* FadeTransition.swift */,
			);
			path = TransitionBtn;
			sourceTree = "<group>";
		};
		CAE618AD294BA1FC006F08B6 /* Dashboard */ = {
			isa = PBXGroup;
			children = (
				CAE618AE294BA213006F08B6 /* DashboardVC.swift */,
			);
			path = Dashboard;
			sourceTree = "<group>";
		};
/* End PBXGroup section */

/* Begin PBXNativeTarget section */
		CACFB6C7294B45EF00013C4C /* Challenge */ = {
			isa = PBXNativeTarget;
			buildConfigurationList = CACFB6F2294B45F000013C4C /* Build configuration list for PBXNativeTarget "Challenge" */;
			buildPhases = (
				6CB313C32233855B0312BF8A /* [CP] Check Pods Manifest.lock */,
				CACFB6C4294B45EF00013C4C /* Sources */,
				CACFB6C5294B45EF00013C4C /* Frameworks */,
				CACFB6C6294B45EF00013C4C /* Resources */,
				42ACBC190C6FE63AA735B3B0 /* [CP] Embed Pods Frameworks */,
			);
			buildRules = (
			);
			dependencies = (
			);
			name = Challenge;
			productName = Challenge;
			productReference = CACFB6C8294B45EF00013C4C /* Challenge.app */;
			productType = "com.apple.product-type.application";
		};
		CACFB6DD294B45F000013C4C /* ChallengeTests */ = {
			isa = PBXNativeTarget;
			buildConfigurationList = CACFB6F5294B45F000013C4C /* Build configuration list for PBXNativeTarget "ChallengeTests" */;
			buildPhases = (
				0287E05BEA40FA7F4CC8A6E0 /* [CP] Check Pods Manifest.lock */,
				CACFB6DA294B45F000013C4C /* Sources */,
				CACFB6DB294B45F000013C4C /* Frameworks */,
				CACFB6DC294B45F000013C4C /* Resources */,
			);
			buildRules = (
			);
			dependencies = (
				CACFB6E0294B45F000013C4C /* PBXTargetDependency */,
			);
			name = ChallengeTests;
			productName = ChallengeTests;
			productReference = CACFB6DE294B45F000013C4C /* ChallengeTests.xctest */;
			productType = "com.apple.product-type.bundle.unit-test";
		};
		CACFB6E7294B45F000013C4C /* ChallengeUITests */ = {
			isa = PBXNativeTarget;
			buildConfigurationList = CACFB6F8294B45F000013C4C /* Build configuration list for PBXNativeTarget "ChallengeUITests" */;
			buildPhases = (
				A23B86EEC0DE7D05B09A39E8 /* [CP] Check Pods Manifest.lock */,
				CACFB6E4294B45F000013C4C /* Sources */,
				CACFB6E5294B45F000013C4C /* Frameworks */,
				CACFB6E6294B45F000013C4C /* Resources */,
				A0AC24B4F70E2BE52B5F88A7 /* [CP] Embed Pods Frameworks */,
			);
			buildRules = (
			);
			dependencies = (
				CACFB6EA294B45F000013C4C /* PBXTargetDependency */,
			);
			name = ChallengeUITests;
			productName = ChallengeUITests;
			productReference = CACFB6E8294B45F000013C4C /* ChallengeUITests.xctest */;
			productType = "com.apple.product-type.bundle.ui-testing";
		};
/* End PBXNativeTarget section */

/* Begin PBXProject section */
		CACFB6C0294B45EF00013C4C /* Project object */ = {
			isa = PBXProject;
			attributes = {
				BuildIndependentTargetsInParallel = 1;
				LastSwiftUpdateCheck = 1410;
				LastUpgradeCheck = 1410;
				TargetAttributes = {
					CACFB6C7294B45EF00013C4C = {
						CreatedOnToolsVersion = 14.1;
					};
					CACFB6DD294B45F000013C4C = {
						CreatedOnToolsVersion = 14.1;
						TestTargetID = CACFB6C7294B45EF00013C4C;
					};
					CACFB6E7294B45F000013C4C = {
						CreatedOnToolsVersion = 14.1;
						TestTargetID = CACFB6C7294B45EF00013C4C;
					};
				};
			};
			buildConfigurationList = CACFB6C3294B45EF00013C4C /* Build configuration list for PBXProject "Challenge" */;
			compatibilityVersion = "Xcode 14.0";
			developmentRegion = en;
			hasScannedForEncodings = 0;
			knownRegions = (
				en,
				Base,
			);
			mainGroup = CACFB6BF294B45EF00013C4C;
			productRefGroup = CACFB6C9294B45EF00013C4C /* Products */;
			projectDirPath = "";
			projectRoot = "";
			targets = (
				CACFB6C7294B45EF00013C4C /* Challenge */,
				CACFB6DD294B45F000013C4C /* ChallengeTests */,
				CACFB6E7294B45F000013C4C /* ChallengeUITests */,
			);
		};
/* End PBXProject section */

/* Begin PBXResourcesBuildPhase section */
		CACFB6C6294B45EF00013C4C /* Resources */ = {
			isa = PBXResourcesBuildPhase;
			buildActionMask = 2147483647;
			files = (
				CACFB6D8294B45F000013C4C /* LaunchScreen.storyboard in Resources */,
				CAE618B1294BA230006F08B6 /* Dashboard.storyboard in Resources */,
				CACFB6D5294B45F000013C4C /* Assets.xcassets in Resources */,
				CAE61899294B817B006F08B6 /* countries.json in Resources */,
				CACFB6D3294B45EF00013C4C /* Main.storyboard in Resources */,
			);
			runOnlyForDeploymentPostprocessing = 0;
		};
		CACFB6DC294B45F000013C4C /* Resources */ = {
			isa = PBXResourcesBuildPhase;
			buildActionMask = 2147483647;
			files = (
			);
			runOnlyForDeploymentPostprocessing = 0;
		};
		CACFB6E6294B45F000013C4C /* Resources */ = {
			isa = PBXResourcesBuildPhase;
			buildActionMask = 2147483647;
			files = (
			);
			runOnlyForDeploymentPostprocessing = 0;
		};
/* End PBXResourcesBuildPhase section */

/* Begin PBXShellScriptBuildPhase section */
		0287E05BEA40FA7F4CC8A6E0 /* [CP] Check Pods Manifest.lock */ = {
			isa = PBXShellScriptBuildPhase;
			buildActionMask = 2147483647;
			files = (
			);
			inputFileListPaths = (
			);
			inputPaths = (
				"${PODS_PODFILE_DIR_PATH}/Podfile.lock",
				"${PODS_ROOT}/Manifest.lock",
			);
			name = "[CP] Check Pods Manifest.lock";
			outputFileListPaths = (
			);
			outputPaths = (
				"$(DERIVED_FILE_DIR)/Pods-ChallengeTests-checkManifestLockResult.txt",
			);
			runOnlyForDeploymentPostprocessing = 0;
			shellPath = /bin/sh;
			shellScript = "diff \"${PODS_PODFILE_DIR_PATH}/Podfile.lock\" \"${PODS_ROOT}/Manifest.lock\" > /dev/null\nif [ $? != 0 ] ; then\n    # print error to STDERR\n    echo \"error: The sandbox is not in sync with the Podfile.lock. Run 'pod install' or update your CocoaPods installation.\" >&2\n    exit 1\nfi\n# This output is used by Xcode 'outputs' to avoid re-running this script phase.\necho \"SUCCESS\" > \"${SCRIPT_OUTPUT_FILE_0}\"\n";
			showEnvVarsInLog = 0;
		};
		42ACBC190C6FE63AA735B3B0 /* [CP] Embed Pods Frameworks */ = {
			isa = PBXShellScriptBuildPhase;
			buildActionMask = 2147483647;
			files = (
			);
			inputFileListPaths = (
				"${PODS_ROOT}/Target Support Files/Pods-Challenge/Pods-Challenge-frameworks-${CONFIGURATION}-input-files.xcfilelist",
			);
			name = "[CP] Embed Pods Frameworks";
			outputFileListPaths = (
				"${PODS_ROOT}/Target Support Files/Pods-Challenge/Pods-Challenge-frameworks-${CONFIGURATION}-output-files.xcfilelist",
			);
			runOnlyForDeploymentPostprocessing = 0;
			shellPath = /bin/sh;
			shellScript = "\"${PODS_ROOT}/Target Support Files/Pods-Challenge/Pods-Challenge-frameworks.sh\"\n";
			showEnvVarsInLog = 0;
		};
		6CB313C32233855B0312BF8A /* [CP] Check Pods Manifest.lock */ = {
			isa = PBXShellScriptBuildPhase;
			buildActionMask = 2147483647;
			files = (
			);
			inputFileListPaths = (
			);
			inputPaths = (
				"${PODS_PODFILE_DIR_PATH}/Podfile.lock",
				"${PODS_ROOT}/Manifest.lock",
			);
			name = "[CP] Check Pods Manifest.lock";
			outputFileListPaths = (
			);
			outputPaths = (
				"$(DERIVED_FILE_DIR)/Pods-Challenge-checkManifestLockResult.txt",
			);
			runOnlyForDeploymentPostprocessing = 0;
			shellPath = /bin/sh;
			shellScript = "diff \"${PODS_PODFILE_DIR_PATH}/Podfile.lock\" \"${PODS_ROOT}/Manifest.lock\" > /dev/null\nif [ $? != 0 ] ; then\n    # print error to STDERR\n    echo \"error: The sandbox is not in sync with the Podfile.lock. Run 'pod install' or update your CocoaPods installation.\" >&2\n    exit 1\nfi\n# This output is used by Xcode 'outputs' to avoid re-running this script phase.\necho \"SUCCESS\" > \"${SCRIPT_OUTPUT_FILE_0}\"\n";
			showEnvVarsInLog = 0;
		};
		A0AC24B4F70E2BE52B5F88A7 /* [CP] Embed Pods Frameworks */ = {
			isa = PBXShellScriptBuildPhase;
			buildActionMask = 2147483647;
			files = (
			);
			inputFileListPaths = (
				"${PODS_ROOT}/Target Support Files/Pods-Challenge-ChallengeUITests/Pods-Challenge-ChallengeUITests-frameworks-${CONFIGURATION}-input-files.xcfilelist",
			);
			name = "[CP] Embed Pods Frameworks";
			outputFileListPaths = (
				"${PODS_ROOT}/Target Support Files/Pods-Challenge-ChallengeUITests/Pods-Challenge-ChallengeUITests-frameworks-${CONFIGURATION}-output-files.xcfilelist",
			);
			runOnlyForDeploymentPostprocessing = 0;
			shellPath = /bin/sh;
			shellScript = "\"${PODS_ROOT}/Target Support Files/Pods-Challenge-ChallengeUITests/Pods-Challenge-ChallengeUITests-frameworks.sh\"\n";
			showEnvVarsInLog = 0;
		};
		A23B86EEC0DE7D05B09A39E8 /* [CP] Check Pods Manifest.lock */ = {
			isa = PBXShellScriptBuildPhase;
			buildActionMask = 2147483647;
			files = (
			);
			inputFileListPaths = (
			);
			inputPaths = (
				"${PODS_PODFILE_DIR_PATH}/Podfile.lock",
				"${PODS_ROOT}/Manifest.lock",
			);
			name = "[CP] Check Pods Manifest.lock";
			outputFileListPaths = (
			);
			outputPaths = (
				"$(DERIVED_FILE_DIR)/Pods-Challenge-ChallengeUITests-checkManifestLockResult.txt",
			);
			runOnlyForDeploymentPostprocessing = 0;
			shellPath = /bin/sh;
			shellScript = "diff \"${PODS_PODFILE_DIR_PATH}/Podfile.lock\" \"${PODS_ROOT}/Manifest.lock\" > /dev/null\nif [ $? != 0 ] ; then\n    # print error to STDERR\n    echo \"error: The sandbox is not in sync with the Podfile.lock. Run 'pod install' or update your CocoaPods installation.\" >&2\n    exit 1\nfi\n# This output is used by Xcode 'outputs' to avoid re-running this script phase.\necho \"SUCCESS\" > \"${SCRIPT_OUTPUT_FILE_0}\"\n";
			showEnvVarsInLog = 0;
		};
/* End PBXShellScriptBuildPhase section */

/* Begin PBXSourcesBuildPhase section */
		CACFB6C4294B45EF00013C4C /* Sources */ = {
			isa = PBXSourcesBuildPhase;
			buildActionMask = 2147483647;
			files = (
				CACFB706294B520100013C4C /* RoundedView.swift in Sources */,
				CAE618AF294BA213006F08B6 /* DashboardVC.swift in Sources */,
				CAE618AC294B9CBE006F08B6 /* FadeTransition.swift in Sources */,
				CACFB708294B567100013C4C /* UITextField+EXT.swift in Sources */,
				CACFB714294B68C400013C4C /* ConsoleLog.swift in Sources */,
				CACFB712294B643C00013C4C /* ApiManager.swift in Sources */,
				CACFB71E294B6E6E00013C4C /* LoginViewModel.swift in Sources */,
				CAE618A3294B9C1E006F08B6 /* TransitionSubmitButton.swift in Sources */,
				CAE618A6294B9C55006F08B6 /* SpinerLayer.swift in Sources */,
				CACFB6D0294B45EF00013C4C /* LoginVC.swift in Sources */,
				CACFB71C294B6E4800013C4C /* LoginRepository.swift in Sources */,
				CACFB710294B63F000013C4C /* BaseRepository.swift in Sources */,
				CACFB6CC294B45EF00013C4C /* AppDelegate.swift in Sources */,
				CAE6189E294B872A006F08B6 /* SelectCountriesVC.swift in Sources */,
				CACFB70A294B60DE00013C4C /* UIStoryBoard+EXT.swift in Sources */,
				CAE6189B294B81E1006F08B6 /* CountriesModel.swift in Sources */,
				CAE618A8294B9C7B006F08B6 /* CGRect+EXT.swift in Sources */,
				CAE618AA294B9C9C006F08B6 /* Timer.swift in Sources */,
				CAE618A1294B89E9006F08B6 /* CountryCell.swift in Sources */,
				CA30AFC9294C625800EC2FE2 /* DashboardModel.swift in Sources */,
				CACFB720294B7A1300013C4C /* UIString+EXT.swift in Sources */,
				CACFB71A294B6A0D00013C4C /* PreferenceManager.swift in Sources */,
				CACFB70E294B63C900013C4C /* BaseViewModel.swift in Sources */,
				CACFB718294B697D00013C4C /* DependencyInjector.swift in Sources */,
				CACFB716294B691000013C4C /* URLConstants.swift in Sources */,
				CACFB70C294B638500013C4C /* BaseViewController.swift in Sources */,
				CACFB6CE294B45EF00013C4C /* SceneDelegate.swift in Sources */,
				CA30AFCB294C630800EC2FE2 /* DashboardViewModel.swift in Sources */,
			);
			runOnlyForDeploymentPostprocessing = 0;
		};
		CACFB6DA294B45F000013C4C /* Sources */ = {
			isa = PBXSourcesBuildPhase;
			buildActionMask = 2147483647;
			files = (
				CACFB6E3294B45F000013C4C /* ChallengeTests.swift in Sources */,
			);
			runOnlyForDeploymentPostprocessing = 0;
		};
		CACFB6E4294B45F000013C4C /* Sources */ = {
			isa = PBXSourcesBuildPhase;
			buildActionMask = 2147483647;
			files = (
				CACFB6EF294B45F000013C4C /* ChallengeUITestsLaunchTests.swift in Sources */,
				CACFB6ED294B45F000013C4C /* ChallengeUITests.swift in Sources */,
			);
			runOnlyForDeploymentPostprocessing = 0;
		};
/* End PBXSourcesBuildPhase section */

/* Begin PBXTargetDependency section */
		CACFB6E0294B45F000013C4C /* PBXTargetDependency */ = {
			isa = PBXTargetDependency;
			target = CACFB6C7294B45EF00013C4C /* Challenge */;
			targetProxy = CACFB6DF294B45F000013C4C /* PBXContainerItemProxy */;
		};
		CACFB6EA294B45F000013C4C /* PBXTargetDependency */ = {
			isa = PBXTargetDependency;
			target = CACFB6C7294B45EF00013C4C /* Challenge */;
			targetProxy = CACFB6E9294B45F000013C4C /* PBXContainerItemProxy */;
		};
/* End PBXTargetDependency section */

/* Begin PBXVariantGroup section */
		CACFB6D1294B45EF00013C4C /* Main.storyboard */ = {
			isa = PBXVariantGroup;
			children = (
				CACFB6D2294B45EF00013C4C /* Base */,
			);
			name = Main.storyboard;
			sourceTree = "<group>";
		};
		CACFB6D6294B45F000013C4C /* LaunchScreen.storyboard */ = {
			isa = PBXVariantGroup;
			children = (
				CACFB6D7294B45F000013C4C /* Base */,
			);
			name = LaunchScreen.storyboard;
			sourceTree = "<group>";
		};
/* End PBXVariantGroup section */

/* Begin XCBuildConfiguration section */
		CACFB6F0294B45F000013C4C /* Debug */ = {
			isa = XCBuildConfiguration;
			buildSettings = {
				ALWAYS_SEARCH_USER_PATHS = NO;
				CLANG_ANALYZER_NONNULL = YES;
				CLANG_ANALYZER_NUMBER_OBJECT_CONVERSION = YES_AGGRESSIVE;
				CLANG_CXX_LANGUAGE_STANDARD = "gnu++20";
				CLANG_ENABLE_MODULES = YES;
				CLANG_ENABLE_OBJC_ARC = YES;
				CLANG_ENABLE_OBJC_WEAK = YES;
				CLANG_WARN_BLOCK_CAPTURE_AUTORELEASING = YES;
				CLANG_WARN_BOOL_CONVERSION = YES;
				CLANG_WARN_COMMA = YES;
				CLANG_WARN_CONSTANT_CONVERSION = YES;
				CLANG_WARN_DEPRECATED_OBJC_IMPLEMENTATIONS = YES;
				CLANG_WARN_DIRECT_OBJC_ISA_USAGE = YES_ERROR;
				CLANG_WARN_DOCUMENTATION_COMMENTS = YES;
				CLANG_WARN_EMPTY_BODY = YES;
				CLANG_WARN_ENUM_CONVERSION = YES;
				CLANG_WARN_INFINITE_RECURSION = YES;
				CLANG_WARN_INT_CONVERSION = YES;
				CLANG_WARN_NON_LITERAL_NULL_CONVERSION = YES;
				CLANG_WARN_OBJC_IMPLICIT_RETAIN_SELF = YES;
				CLANG_WARN_OBJC_LITERAL_CONVERSION = YES;
				CLANG_WARN_OBJC_ROOT_CLASS = YES_ERROR;
				CLANG_WARN_QUOTED_INCLUDE_IN_FRAMEWORK_HEADER = YES;
				CLANG_WARN_RANGE_LOOP_ANALYSIS = YES;
				CLANG_WARN_STRICT_PROTOTYPES = YES;
				CLANG_WARN_SUSPICIOUS_MOVE = YES;
				CLANG_WARN_UNGUARDED_AVAILABILITY = YES_AGGRESSIVE;
				CLANG_WARN_UNREACHABLE_CODE = YES;
				CLANG_WARN__DUPLICATE_METHOD_MATCH = YES;
				COPY_PHASE_STRIP = NO;
				DEBUG_INFORMATION_FORMAT = dwarf;
				ENABLE_STRICT_OBJC_MSGSEND = YES;
				ENABLE_TESTABILITY = YES;
				GCC_C_LANGUAGE_STANDARD = gnu11;
				GCC_DYNAMIC_NO_PIC = NO;
				GCC_NO_COMMON_BLOCKS = YES;
				GCC_OPTIMIZATION_LEVEL = 0;
				GCC_PREPROCESSOR_DEFINITIONS = (
					"DEBUG=1",
					"$(inherited)",
				);
				GCC_WARN_64_TO_32_BIT_CONVERSION = YES;
				GCC_WARN_ABOUT_RETURN_TYPE = YES_ERROR;
				GCC_WARN_UNDECLARED_SELECTOR = YES;
				GCC_WARN_UNINITIALIZED_AUTOS = YES_AGGRESSIVE;
				GCC_WARN_UNUSED_FUNCTION = YES;
				GCC_WARN_UNUSED_VARIABLE = YES;
				IPHONEOS_DEPLOYMENT_TARGET = 16.1;
				MTL_ENABLE_DEBUG_INFO = INCLUDE_SOURCE;
				MTL_FAST_MATH = YES;
				ONLY_ACTIVE_ARCH = YES;
				SDKROOT = iphoneos;
				SWIFT_ACTIVE_COMPILATION_CONDITIONS = DEBUG;
				SWIFT_OPTIMIZATION_LEVEL = "-Onone";
			};
			name = Debug;
		};
		CACFB6F1294B45F000013C4C /* Release */ = {
			isa = XCBuildConfiguration;
			buildSettings = {
				ALWAYS_SEARCH_USER_PATHS = NO;
				CLANG_ANALYZER_NONNULL = YES;
				CLANG_ANALYZER_NUMBER_OBJECT_CONVERSION = YES_AGGRESSIVE;
				CLANG_CXX_LANGUAGE_STANDARD = "gnu++20";
				CLANG_ENABLE_MODULES = YES;
				CLANG_ENABLE_OBJC_ARC = YES;
				CLANG_ENABLE_OBJC_WEAK = YES;
				CLANG_WARN_BLOCK_CAPTURE_AUTORELEASING = YES;
				CLANG_WARN_BOOL_CONVERSION = YES;
				CLANG_WARN_COMMA = YES;
				CLANG_WARN_CONSTANT_CONVERSION = YES;
				CLANG_WARN_DEPRECATED_OBJC_IMPLEMENTATIONS = YES;
				CLANG_WARN_DIRECT_OBJC_ISA_USAGE = YES_ERROR;
				CLANG_WARN_DOCUMENTATION_COMMENTS = YES;
				CLANG_WARN_EMPTY_BODY = YES;
				CLANG_WARN_ENUM_CONVERSION = YES;
				CLANG_WARN_INFINITE_RECURSION = YES;
				CLANG_WARN_INT_CONVERSION = YES;
				CLANG_WARN_NON_LITERAL_NULL_CONVERSION = YES;
				CLANG_WARN_OBJC_IMPLICIT_RETAIN_SELF = YES;
				CLANG_WARN_OBJC_LITERAL_CONVERSION = YES;
				CLANG_WARN_OBJC_ROOT_CLASS = YES_ERROR;
				CLANG_WARN_QUOTED_INCLUDE_IN_FRAMEWORK_HEADER = YES;
				CLANG_WARN_RANGE_LOOP_ANALYSIS = YES;
				CLANG_WARN_STRICT_PROTOTYPES = YES;
				CLANG_WARN_SUSPICIOUS_MOVE = YES;
				CLANG_WARN_UNGUARDED_AVAILABILITY = YES_AGGRESSIVE;
				CLANG_WARN_UNREACHABLE_CODE = YES;
				CLANG_WARN__DUPLICATE_METHOD_MATCH = YES;
				COPY_PHASE_STRIP = NO;
				DEBUG_INFORMATION_FORMAT = "dwarf-with-dsym";
				ENABLE_NS_ASSERTIONS = NO;
				ENABLE_STRICT_OBJC_MSGSEND = YES;
				GCC_C_LANGUAGE_STANDARD = gnu11;
				GCC_NO_COMMON_BLOCKS = YES;
				GCC_WARN_64_TO_32_BIT_CONVERSION = YES;
				GCC_WARN_ABOUT_RETURN_TYPE = YES_ERROR;
				GCC_WARN_UNDECLARED_SELECTOR = YES;
				GCC_WARN_UNINITIALIZED_AUTOS = YES_AGGRESSIVE;
				GCC_WARN_UNUSED_FUNCTION = YES;
				GCC_WARN_UNUSED_VARIABLE = YES;
				IPHONEOS_DEPLOYMENT_TARGET = 16.1;
				MTL_ENABLE_DEBUG_INFO = NO;
				MTL_FAST_MATH = YES;
				SDKROOT = iphoneos;
				SWIFT_COMPILATION_MODE = wholemodule;
				SWIFT_OPTIMIZATION_LEVEL = "-O";
				VALIDATE_PRODUCT = YES;
			};
			name = Release;
		};
		CACFB6F3294B45F000013C4C /* Debug */ = {
			isa = XCBuildConfiguration;
			baseConfigurationReference = 9A89FC87E7F2EEA01435D85A /* Pods-Challenge.debug.xcconfig */;
			buildSettings = {
				ASSETCATALOG_COMPILER_APPICON_NAME = AppIcon;
				ASSETCATALOG_COMPILER_GLOBAL_ACCENT_COLOR_NAME = AccentColor;
				CODE_SIGN_STYLE = Automatic;
				CURRENT_PROJECT_VERSION = 1;
				DEVELOPMENT_TEAM = F78Z4MBKG2;
				GENERATE_INFOPLIST_FILE = YES;
				INFOPLIST_FILE = Challenge/Info.plist;
				INFOPLIST_KEY_UIApplicationSupportsIndirectInputEvents = YES;
				INFOPLIST_KEY_UILaunchStoryboardName = LaunchScreen;
				INFOPLIST_KEY_UIMainStoryboardFile = Main;
				INFOPLIST_KEY_UISupportedInterfaceOrientations_iPad = "UIInterfaceOrientationPortrait UIInterfaceOrientationPortraitUpsideDown UIInterfaceOrientationLandscapeLeft UIInterfaceOrientationLandscapeRight";
				INFOPLIST_KEY_UISupportedInterfaceOrientations_iPhone = "UIInterfaceOrientationPortrait UIInterfaceOrientationLandscapeLeft UIInterfaceOrientationLandscapeRight";
				IPHONEOS_DEPLOYMENT_TARGET = 13.0;
				LD_RUNPATH_SEARCH_PATHS = (
					"$(inherited)",
					"@executable_path/Frameworks",
				);
				MARKETING_VERSION = 1.0;
				PRODUCT_BUNDLE_IDENTIFIER = com.Karoooo.Challenge;
				PRODUCT_NAME = "$(TARGET_NAME)";
				SWIFT_EMIT_LOC_STRINGS = YES;
				SWIFT_VERSION = 5.0;
				TARGETED_DEVICE_FAMILY = "1,2";
			};
			name = Debug;
		};
		CACFB6F4294B45F000013C4C /* Release */ = {
			isa = XCBuildConfiguration;
			baseConfigurationReference = 9D053E9D00F88A8615A5FD86 /* Pods-Challenge.release.xcconfig */;
			buildSettings = {
				ASSETCATALOG_COMPILER_APPICON_NAME = AppIcon;
				ASSETCATALOG_COMPILER_GLOBAL_ACCENT_COLOR_NAME = AccentColor;
				CODE_SIGN_STYLE = Automatic;
				CURRENT_PROJECT_VERSION = 1;
				DEVELOPMENT_TEAM = F78Z4MBKG2;
				GENERATE_INFOPLIST_FILE = YES;
				INFOPLIST_FILE = Challenge/Info.plist;
				INFOPLIST_KEY_UIApplicationSupportsIndirectInputEvents = YES;
				INFOPLIST_KEY_UILaunchStoryboardName = LaunchScreen;
				INFOPLIST_KEY_UIMainStoryboardFile = Main;
				INFOPLIST_KEY_UISupportedInterfaceOrientations_iPad = "UIInterfaceOrientationPortrait UIInterfaceOrientationPortraitUpsideDown UIInterfaceOrientationLandscapeLeft UIInterfaceOrientationLandscapeRight";
				INFOPLIST_KEY_UISupportedInterfaceOrientations_iPhone = "UIInterfaceOrientationPortrait UIInterfaceOrientationLandscapeLeft UIInterfaceOrientationLandscapeRight";
				IPHONEOS_DEPLOYMENT_TARGET = 13.0;
				LD_RUNPATH_SEARCH_PATHS = (
					"$(inherited)",
					"@executable_path/Frameworks",
				);
				MARKETING_VERSION = 1.0;
				PRODUCT_BUNDLE_IDENTIFIER = com.Karoooo.Challenge;
				PRODUCT_NAME = "$(TARGET_NAME)";
				SWIFT_EMIT_LOC_STRINGS = YES;
				SWIFT_VERSION = 5.0;
				TARGETED_DEVICE_FAMILY = "1,2";
			};
			name = Release;
		};
		CACFB6F6294B45F000013C4C /* Debug */ = {
			isa = XCBuildConfiguration;
			baseConfigurationReference = D8DE12518A08D0EC1D4BFB80 /* Pods-ChallengeTests.debug.xcconfig */;
			buildSettings = {
				ALWAYS_EMBED_SWIFT_STANDARD_LIBRARIES = YES;
				BUNDLE_LOADER = "$(TEST_HOST)";
				CODE_SIGN_STYLE = Automatic;
				CURRENT_PROJECT_VERSION = 1;
				DEVELOPMENT_TEAM = UBV96K28U8;
				GENERATE_INFOPLIST_FILE = YES;
				IPHONEOS_DEPLOYMENT_TARGET = 16.1;
				MARKETING_VERSION = 1.0;
				PRODUCT_BUNDLE_IDENTIFIER = com.Karoooo.ChallengeTests;
				PRODUCT_NAME = "$(TARGET_NAME)";
				SWIFT_EMIT_LOC_STRINGS = NO;
				SWIFT_VERSION = 5.0;
				TARGETED_DEVICE_FAMILY = "1,2";
				TEST_HOST = "$(BUILT_PRODUCTS_DIR)/Challenge.app/$(BUNDLE_EXECUTABLE_FOLDER_PATH)/Challenge";
			};
			name = Debug;
		};
		CACFB6F7294B45F000013C4C /* Release */ = {
			isa = XCBuildConfiguration;
			baseConfigurationReference = 6274196DA47363F50598D8ED /* Pods-ChallengeTests.release.xcconfig */;
			buildSettings = {
				ALWAYS_EMBED_SWIFT_STANDARD_LIBRARIES = YES;
				BUNDLE_LOADER = "$(TEST_HOST)";
				CODE_SIGN_STYLE = Automatic;
				CURRENT_PROJECT_VERSION = 1;
				DEVELOPMENT_TEAM = UBV96K28U8;
				GENERATE_INFOPLIST_FILE = YES;
				IPHONEOS_DEPLOYMENT_TARGET = 16.1;
				MARKETING_VERSION = 1.0;
				PRODUCT_BUNDLE_IDENTIFIER = com.Karoooo.ChallengeTests;
				PRODUCT_NAME = "$(TARGET_NAME)";
				SWIFT_EMIT_LOC_STRINGS = NO;
				SWIFT_VERSION = 5.0;
				TARGETED_DEVICE_FAMILY = "1,2";
				TEST_HOST = "$(BUILT_PRODUCTS_DIR)/Challenge.app/$(BUNDLE_EXECUTABLE_FOLDER_PATH)/Challenge";
			};
			name = Release;
		};
		CACFB6F9294B45F000013C4C /* Debug */ = {
			isa = XCBuildConfiguration;
			baseConfigurationReference = 0A0783B1DD4806D15F6F629D /* Pods-Challenge-ChallengeUITests.debug.xcconfig */;
			buildSettings = {
				ALWAYS_EMBED_SWIFT_STANDARD_LIBRARIES = YES;
				CODE_SIGN_STYLE = Automatic;
				CURRENT_PROJECT_VERSION = 1;
				DEVELOPMENT_TEAM = UBV96K28U8;
				GENERATE_INFOPLIST_FILE = YES;
				MARKETING_VERSION = 1.0;
				PRODUCT_BUNDLE_IDENTIFIER = com.Karoooo.ChallengeUITests;
				PRODUCT_NAME = "$(TARGET_NAME)";
				SWIFT_EMIT_LOC_STRINGS = NO;
				SWIFT_VERSION = 5.0;
				TARGETED_DEVICE_FAMILY = "1,2";
				TEST_TARGET_NAME = Challenge;
			};
			name = Debug;
		};
		CACFB6FA294B45F000013C4C /* Release */ = {
			isa = XCBuildConfiguration;
			baseConfigurationReference = 0F22ADF28C4561F1D6448D45 /* Pods-Challenge-ChallengeUITests.release.xcconfig */;
			buildSettings = {
				ALWAYS_EMBED_SWIFT_STANDARD_LIBRARIES = YES;
				CODE_SIGN_STYLE = Automatic;
				CURRENT_PROJECT_VERSION = 1;
				DEVELOPMENT_TEAM = UBV96K28U8;
				GENERATE_INFOPLIST_FILE = YES;
				MARKETING_VERSION = 1.0;
				PRODUCT_BUNDLE_IDENTIFIER = com.Karoooo.ChallengeUITests;
				PRODUCT_NAME = "$(TARGET_NAME)";
				SWIFT_EMIT_LOC_STRINGS = NO;
				SWIFT_VERSION = 5.0;
				TARGETED_DEVICE_FAMILY = "1,2";
				TEST_TARGET_NAME = Challenge;
			};
			name = Release;
		};
/* End XCBuildConfiguration section */

/* Begin XCConfigurationList section */
		CACFB6C3294B45EF00013C4C /* Build configuration list for PBXProject "Challenge" */ = {
			isa = XCConfigurationList;
			buildConfigurations = (
				CACFB6F0294B45F000013C4C /* Debug */,
				CACFB6F1294B45F000013C4C /* Release */,
			);
			defaultConfigurationIsVisible = 0;
			defaultConfigurationName = Release;
		};
		CACFB6F2294B45F000013C4C /* Build configuration list for PBXNativeTarget "Challenge" */ = {
			isa = XCConfigurationList;
			buildConfigurations = (
				CACFB6F3294B45F000013C4C /* Debug */,
				CACFB6F4294B45F000013C4C /* Release */,
			);
			defaultConfigurationIsVisible = 0;
			defaultConfigurationName = Release;
		};
		CACFB6F5294B45F000013C4C /* Build configuration list for PBXNativeTarget "ChallengeTests" */ = {
			isa = XCConfigurationList;
			buildConfigurations = (
				CACFB6F6294B45F000013C4C /* Debug */,
				CACFB6F7294B45F000013C4C /* Release */,
			);
			defaultConfigurationIsVisible = 0;
			defaultConfigurationName = Release;
		};
		CACFB6F8294B45F000013C4C /* Build configuration list for PBXNativeTarget "ChallengeUITests" */ = {
			isa = XCConfigurationList;
			buildConfigurations = (
				CACFB6F9294B45F000013C4C /* Debug */,
				CACFB6FA294B45F000013C4C /* Release */,
			);
			defaultConfigurationIsVisible = 0;
			defaultConfigurationName = Release;
		};
/* End XCConfigurationList section */
	};
	rootObject = CACFB6C0294B45EF00013C4C /* Project object */;
}
